
Microsoft Visual Studio Solution File, Format Version 12.00
# Visual Studio Version 17
VisualStudioVersion = 17.8.34511.84
MinimumVisualStudioVersion = 10.0.40219.1
Project("{FAE04EC0-301F-11D3-BF4B-00C04F79EFBC}") = "PassGen", "PassGen.csproj", "{1E3DACB6-565C-4300-B9EF-5460C00F378F}"
EndProject
Global
	GlobalSection(SolutionConfigurationPlatforms) = preSolution
		Debug|Any CPU = Debug|Any CPU
		Release|Any CPU = Release|Any CPU
	EndGlobalSection
	GlobalSection(ProjectConfigurationPlatforms) = postSolution
		{1E3DACB6-565C-4300-B9EF-5460C00F378F}.Debug|Any CPU.ActiveCfg = Debug|Any CPU
		{1E3DACB6-565C-4300-B9EF-5460C00F378F}.Debug|Any CPU.Build.0 = Debug|Any CPU
		{1E3DACB6-565C-4300-B9EF-5460C00F378F}.Release|Any CPU.ActiveCfg = Release|Any CPU
		{1E3DACB6-565C-4300-B9EF-5460C00F378F}.Release|Any CPU.Build.0 = Release|Any CPU
	EndGlobalSection
	GlobalSection(SolutionProperties) = preSolution
		HideSolutionNode = FALSE
	EndGlobalSection
	GlobalSection(ExtensibilityGlobals) = postSolution
		SolutionGuid = {E7FE2CE6-AC35-413A-8E24-735524A9717C}
	EndGlobalSection
EndGlobal
